
Microsoft Visual Studio Solution File, Format Version 12.00
# Visual Studio Version 16
Project("{8BC9CEB8-8B4A-11D0-8D11-00A0C91BC942}") = "ALL_BUILD", "ALL_BUILD.vcxproj", "{78150350-A61F-350C-8D8B-91B8EE97ADC1}"
	ProjectSection(ProjectDependencies) = postProject
		{88CC4C48-7DB4-3C8D-8CBA-8D974C74467D} = {88CC4C48-7DB4-3C8D-8CBA-8D974C74467D}
		{B4F7363E-DF70-3C31-851D-E5E232D257E2} = {B4F7363E-DF70-3C31-851D-E5E232D257E2}
		{6E1BE50D-2CE3-31AD-9C48-1292E50EFF41} = {6E1BE50D-2CE3-31AD-9C48-1292E50EFF41}
	EndProjectSection
EndProject
Project("{8BC9CEB8-8B4A-11D0-8D11-00A0C91BC942}") = "Echtzeitgrafik", "Echtzeitgrafik.vcxproj", "{88CC4C48-7DB4-3C8D-8CBA-8D974C74467D}"
	ProjectSection(ProjectDependencies) = postProject
		{B4F7363E-DF70-3C31-851D-E5E232D257E2} = {B4F7363E-DF70-3C31-851D-E5E232D257E2}
		{6E1BE50D-2CE3-31AD-9C48-1292E50EFF41} = {6E1BE50D-2CE3-31AD-9C48-1292E50EFF41}
	EndProjectSection
EndProject
Project("{8BC9CEB8-8B4A-11D0-8D11-00A0C91BC942}") = "STB_IMAGE", "STB_IMAGE.vcxproj", "{B4F7363E-DF70-3C31-851D-E5E232D257E2}"
	ProjectSection(ProjectDependencies) = postProject
		{6E1BE50D-2CE3-31AD-9C48-1292E50EFF41} = {6E1BE50D-2CE3-31AD-9C48-1292E50EFF41}
	EndProjectSection
EndProject
Project("{8BC9CEB8-8B4A-11D0-8D11-00A0C91BC942}") = "ZERO_CHECK", "ZERO_CHECK.vcxproj", "{6E1BE50D-2CE3-31AD-9C48-1292E50EFF41}"
	ProjectSection(ProjectDependencies) = postProject
	EndProjectSection
EndProject
Global
	GlobalSection(SolutionConfigurationPlatforms) = preSolution
		Debug|x64 = Debug|x64
		Release|x64 = Release|x64
		MinSizeRel|x64 = MinSizeRel|x64
		RelWithDebInfo|x64 = RelWithDebInfo|x64
	EndGlobalSection
	GlobalSection(ProjectConfigurationPlatforms) = postSolution
		{78150350-A61F-350C-8D8B-91B8EE97ADC1}.Debug|x64.ActiveCfg = Debug|x64
		{78150350-A61F-350C-8D8B-91B8EE97ADC1}.Release|x64.ActiveCfg = Release|x64
		{78150350-A61F-350C-8D8B-91B8EE97ADC1}.MinSizeRel|x64.ActiveCfg = MinSizeRel|x64
		{78150350-A61F-350C-8D8B-91B8EE97ADC1}.RelWithDebInfo|x64.ActiveCfg = RelWithDebInfo|x64
		{88CC4C48-7DB4-3C8D-8CBA-8D974C74467D}.Debug|x64.ActiveCfg = Debug|x64
		{88CC4C48-7DB4-3C8D-8CBA-8D974C74467D}.Debug|x64.Build.0 = Debug|x64
		{88CC4C48-7DB4-3C8D-8CBA-8D974C74467D}.Release|x64.ActiveCfg = Release|x64
		{88CC4C48-7DB4-3C8D-8CBA-8D974C74467D}.Release|x64.Build.0 = Release|x64
		{88CC4C48-7DB4-3C8D-8CBA-8D974C74467D}.MinSizeRel|x64.ActiveCfg = MinSizeRel|x64
		{88CC4C48-7DB4-3C8D-8CBA-8D974C74467D}.MinSizeRel|x64.Build.0 = MinSizeRel|x64
		{88CC4C48-7DB4-3C8D-8CBA-8D974C74467D}.RelWithDebInfo|x64.ActiveCfg = RelWithDebInfo|x64
		{88CC4C48-7DB4-3C8D-8CBA-8D974C74467D}.RelWithDebInfo|x64.Build.0 = RelWithDebInfo|x64
		{B4F7363E-DF70-3C31-851D-E5E232D257E2}.Debug|x64.ActiveCfg = Debug|x64
		{B4F7363E-DF70-3C31-851D-E5E232D257E2}.Debug|x64.Build.0 = Debug|x64
		{B4F7363E-DF70-3C31-851D-E5E232D257E2}.Release|x64.ActiveCfg = Release|x64
		{B4F7363E-DF70-3C31-851D-E5E232D257E2}.Release|x64.Build.0 = Release|x64
		{B4F7363E-DF70-3C31-851D-E5E232D257E2}.MinSizeRel|x64.ActiveCfg = MinSizeRel|x64
		{B4F7363E-DF70-3C31-851D-E5E232D257E2}.MinSizeRel|x64.Build.0 = MinSizeRel|x64
		{B4F7363E-DF70-3C31-851D-E5E232D257E2}.RelWithDebInfo|x64.ActiveCfg = RelWithDebInfo|x64
		{B4F7363E-DF70-3C31-851D-E5E232D257E2}.RelWithDebInfo|x64.Build.0 = RelWithDebInfo|x64
		{6E1BE50D-2CE3-31AD-9C48-1292E50EFF41}.Debug|x64.ActiveCfg = Debug|x64
		{6E1BE50D-2CE3-31AD-9C48-1292E50EFF41}.Debug|x64.Build.0 = Debug|x64
		{6E1BE50D-2CE3-31AD-9C48-1292E50EFF41}.Release|x64.ActiveCfg = Release|x64
		{6E1BE50D-2CE3-31AD-9C48-1292E50EFF41}.Release|x64.Build.0 = Release|x64
		{6E1BE50D-2CE3-31AD-9C48-1292E50EFF41}.MinSizeRel|x64.ActiveCfg = MinSizeRel|x64
		{6E1BE50D-2CE3-31AD-9C48-1292E50EFF41}.MinSizeRel|x64.Build.0 = MinSizeRel|x64
		{6E1BE50D-2CE3-31AD-9C48-1292E50EFF41}.RelWithDebInfo|x64.ActiveCfg = RelWithDebInfo|x64
		{6E1BE50D-2CE3-31AD-9C48-1292E50EFF41}.RelWithDebInfo|x64.Build.0 = RelWithDebInfo|x64
	EndGlobalSection
	GlobalSection(ExtensibilityGlobals) = postSolution
		SolutionGuid = {C9A59B2B-69BD-3796-9455-CBB79DB71C0E}
	EndGlobalSection
	GlobalSection(ExtensibilityAddIns) = postSolution
	EndGlobalSection
EndGlobal
